// !$*UTF8*$!
{
	archiveVersion = 1;
	classes = {
	};
	objectVersion = 70;
	objects = {

/* Begin PBXBuildFile section */
		E2324E7A2B7EC0130097FA18 /* iExpenseApp.swift in Sources */ = {isa = PBXBuildFile; fileRef = E2324E792B7EC0130097FA18 /* iExpenseApp.swift */; };
		E2324E7C2B7EC0130097FA18 /* ContentView.swift in Sources */ = {isa = PBXBuildFile; fileRef = E2324E7B2B7EC0130097FA18 /* ContentView.swift */; };
		E2324E7E2B7EC0150097FA18 /* Assets.xcassets in Resources */ = {isa = PBXBuildFile; fileRef = E2324E7D2B7EC0150097FA18 /* Assets.xcassets */; };
		E2324E812B7EC0150097FA18 /* Preview Assets.xcassets in Resources */ = {isa = PBXBuildFile; fileRef = E2324E802B7EC0150097FA18 /* Preview Assets.xcassets */; };
		E2324E882B8132880097FA18 /* OnDeleteView.swift in Sources */ = {isa = PBXBuildFile; fileRef = E2324E872B8132880097FA18 /* OnDeleteView.swift */; };
		E2324E8A2B8135030097FA18 /* UserDefaultsView.swift in Sources */ = {isa = PBXBuildFile; fileRef = E2324E892B8135030097FA18 /* UserDefaultsView.swift */; };
		E2324E8C2B81524E0097FA18 /* iExpenseHome.swift in Sources */ = {isa = PBXBuildFile; fileRef = E2324E8B2B81524E0097FA18 /* iExpenseHome.swift */; };
		E2324E8E2B815B250097FA18 /* AddExpenseView.swift in Sources */ = {isa = PBXBuildFile; fileRef = E2324E8D2B815B250097FA18 /* AddExpenseView.swift */; };
		E2CE292D2CC2F36D003D019F /* ExpenseItemsView.swift in Sources */ = {isa = PBXBuildFile; fileRef = E2CE292C2CC2F36D003D019F /* ExpenseItemsView.swift */; };
/* End PBXBuildFile section */

/* Begin PBXFileReference section */
		E2324E762B7EC0130097FA18 /* iExpense.app */ = {isa = PBXFileReference; explicitFileType = wrapper.application; includeInIndex = 0; path = iExpense.app; sourceTree = BUILT_PRODUCTS_DIR; };
		E2324E792B7EC0130097FA18 /* iExpenseApp.swift */ = {isa = PBXFileReference; lastKnownFileType = sourcecode.swift; path = iExpenseApp.swift; sourceTree = "<group>"; };
		E2324E7B2B7EC0130097FA18 /* ContentView.swift */ = {isa = PBXFileReference; lastKnownFileType = sourcecode.swift; path = ContentView.swift; sourceTree = "<group>"; };
		E2324E7D2B7EC0150097FA18 /* Assets.xcassets */ = {isa = PBXFileReference; lastKnownFileType = folder.assetcatalog; path = Assets.xcassets; sourceTree = "<group>"; };
		E2324E802B7EC0150097FA18 /* Preview Assets.xcassets */ = {isa = PBXFileReference; lastKnownFileType = folder.assetcatalog; path = "Preview Assets.xcassets"; sourceTree = "<group>"; };
		E2324E872B8132880097FA18 /* OnDeleteView.swift */ = {isa = PBXFileReference; lastKnownFileType = sourcecode.swift; path = OnDeleteView.swift; sourceTree = "<group>"; };
		E2324E892B8135030097FA18 /* UserDefaultsView.swift */ = {isa = PBXFileReference; lastKnownFileType = sourcecode.swift; path = UserDefaultsView.swift; sourceTree = "<group>"; };
		E2324E8B2B81524E0097FA18 /* iExpenseHome.swift */ = {isa = PBXFileReference; lastKnownFileType = sourcecode.swift; path = iExpenseHome.swift; sourceTree = "<group>"; };
		E2324E8D2B815B250097FA18 /* AddExpenseView.swift */ = {isa = PBXFileReference; lastKnownFileType = sourcecode.swift; path = AddExpenseView.swift; sourceTree = "<group>"; };
		E2CE29262CBF03F6003D019F /* iExpense.entitlements */ = {isa = PBXFileReference; lastKnownFileType = text.plist.entitlements; path = iExpense.entitlements; sourceTree = "<group>"; };
		E2CE292C2CC2F36D003D019F /* ExpenseItemsView.swift */ = {isa = PBXFileReference; lastKnownFileType = sourcecode.swift; path = ExpenseItemsView.swift; sourceTree = "<group>"; };
/* End PBXFileReference section */

/* Begin PBXFileSystemSynchronizedRootGroup section */
		E2CE29272CC17549003D019F /* Data */ = {isa = PBXFileSystemSynchronizedRootGroup; explicitFileTypes = {}; explicitFolders = (); path = Data; sourceTree = "<group>"; };
/* End PBXFileSystemSynchronizedRootGroup section */

/* Begin PBXFrameworksBuildPhase section */
		E2324E732B7EC0130097FA18 /* Frameworks */ = {
			isa = PBXFrameworksBuildPhase;
			buildActionMask = 2147483647;
			files = (
			);
			runOnlyForDeploymentPostprocessing = 0;
		};
/* End PBXFrameworksBuildPhase section */

/* Begin PBXGroup section */
		E2324E6D2B7EC0130097FA18 = {
			isa = PBXGroup;
			children = (
				E2324E782B7EC0130097FA18 /* iExpense */,
				E2324E772B7EC0130097FA18 /* Products */,
			);
			sourceTree = "<group>";
		};
		E2324E772B7EC0130097FA18 /* Products */ = {
			isa = PBXGroup;
			children = (
				E2324E762B7EC0130097FA18 /* iExpense.app */,
			);
			name = Products;
			sourceTree = "<group>";
		};
		E2324E782B7EC0130097FA18 /* iExpense */ = {
			isa = PBXGroup;
			children = (
				E2CE29272CC17549003D019F /* Data */,
				E2CE29262CBF03F6003D019F /* iExpense.entitlements */,
				E2324E872B8132880097FA18 /* OnDeleteView.swift */,
				E2324E792B7EC0130097FA18 /* iExpenseApp.swift */,
				E2324E8B2B81524E0097FA18 /* iExpenseHome.swift */,
				E2CE292C2CC2F36D003D019F /* ExpenseItemsView.swift */,
				E2324E8D2B815B250097FA18 /* AddExpenseView.swift */,
				E2324E7B2B7EC0130097FA18 /* ContentView.swift */,
				E2324E7D2B7EC0150097FA18 /* Assets.xcassets */,
				E2324E892B8135030097FA18 /* UserDefaultsView.swift */,
				E2324E7F2B7EC0150097FA18 /* Preview Content */,
			);
			path = iExpense;
			sourceTree = "<group>";
		};
		E2324E7F2B7EC0150097FA18 /* Preview Content */ = {
			isa = PBXGroup;
			children = (
				E2324E802B7EC0150097FA18 /* Preview Assets.xcassets */,
			);
			path = "Preview Content";
			sourceTree = "<group>";
		};
/* End PBXGroup section */

/* Begin PBXNativeTarget section */
		E2324E752B7EC0130097FA18 /* iExpense */ = {
			isa = PBXNativeTarget;
			buildConfigurationList = E2324E842B7EC0150097FA18 /* Build configuration list for PBXNativeTarget "iExpense" */;
			buildPhases = (
				E2324E722B7EC0130097FA18 /* Sources */,
				E2324E732B7EC0130097FA18 /* Frameworks */,
				E2324E742B7EC0130097FA18 /* Resources */,
			);
			buildRules = (
			);
			dependencies = (
			);
			fileSystemSynchronizedGroups = (
				E2CE29272CC17549003D019F /* Data */,
			);
			name = iExpense;
			productName = iExpense;
			productReference = E2324E762B7EC0130097FA18 /* iExpense.app */;
			productType = "com.apple.product-type.application";
		};
/* End PBXNativeTarget section */

/* Begin PBXProject section */
		E2324E6E2B7EC0130097FA18 /* Project object */ = {
			isa = PBXProject;
			attributes = {
				BuildIndependentTargetsInParallel = 1;
				LastSwiftUpdateCheck = 1520;
				LastUpgradeCheck = 1520;
				TargetAttributes = {
					E2324E752B7EC0130097FA18 = {
						CreatedOnToolsVersion = 15.2;
					};
				};
			};
			buildConfigurationList = E2324E712B7EC0130097FA18 /* Build configuration list for PBXProject "iExpense" */;
			compatibilityVersion = "Xcode 14.0";
			developmentRegion = en;
			hasScannedForEncodings = 0;
			knownRegions = (
				en,
				Base,
			);
			mainGroup = E2324E6D2B7EC0130097FA18;
			productRefGroup = E2324E772B7EC0130097FA18 /* Products */;
			projectDirPath = "";
			projectRoot = "";
			targets = (
				E2324E752B7EC0130097FA18 /* iExpense */,
			);
		};
/* End PBXProject section */

/* Begin PBXResourcesBuildPhase section */
		E2324E742B7EC0130097FA18 /* Resources */ = {
			isa = PBXResourcesBuildPhase;
			buildActionMask = 2147483647;
			files = (
				E2324E812B7EC0150097FA18 /* Preview Assets.xcassets in Resources */,
				E2324E7E2B7EC0150097FA18 /* Assets.xcassets in Resources */,
			);
			runOnlyForDeploymentPostprocessing = 0;
		};
/* End PBXResourcesBuildPhase section */

/* Begin PBXSourcesBuildPhase section */
		E2324E722B7EC0130097FA18 /* Sources */ = {
			isa = PBXSourcesBuildPhase;
			buildActionMask = 2147483647;
			files = (
				E2324E8C2B81524E0097FA18 /* iExpenseHome.swift in Sources */,
				E2324E7C2B7EC0130097FA18 /* ContentView.swift in Sources */,
				E2324E882B8132880097FA18 /* OnDeleteView.swift in Sources */,
				E2324E8E2B815B250097FA18 /* AddExpenseView.swift in Sources */,
				E2324E7A2B7EC0130097FA18 /* iExpenseApp.swift in Sources */,
				E2CE292D2CC2F36D003D019F /* ExpenseItemsView.swift in Sources */,
				E2324E8A2B8135030097FA18 /* UserDefaultsView.swift in Sources */,
			);
			runOnlyForDeploymentPostprocessing = 0;
		};
/* End PBXSourcesBuildPhase section */

/* Begin XCBuildConfiguration section */
		E2324E822B7EC0150097FA18 /* Debug */ = {
			isa = XCBuildConfiguration;
			buildSettings = {
				ALWAYS_SEARCH_USER_PATHS = NO;
				ASSETCATALOG_COMPILER_GENERATE_SWIFT_ASSET_SYMBOL_EXTENSIONS = YES;
				CLANG_ANALYZER_NONNULL = YES;
				CLANG_ANALYZER_NUMBER_OBJECT_CONVERSION = YES_AGGRESSIVE;
				CLANG_CXX_LANGUAGE_STANDARD = "gnu++20";
				CLANG_ENABLE_MODULES = YES;
				CLANG_ENABLE_OBJC_ARC = YES;
				CLANG_ENABLE_OBJC_WEAK = YES;
				CLANG_WARN_BLOCK_CAPTURE_AUTORELEASING = YES;
				CLANG_WARN_BOOL_CONVERSION = YES;
				CLANG_WARN_COMMA = YES;
				CLANG_WARN_CONSTANT_CONVERSION = YES;
				CLANG_WARN_DEPRECATED_OBJC_IMPLEMENTATIONS = YES;
				CLANG_WARN_DIRECT_OBJC_ISA_USAGE = YES_ERROR;
				CLANG_WARN_DOCUMENTATION_COMMENTS = YES;
				CLANG_WARN_EMPTY_BODY = YES;
				CLANG_WARN_ENUM_CONVERSION = YES;
				CLANG_WARN_INFINITE_RECURSION = YES;
				CLANG_WARN_INT_CONVERSION = YES;
				CLANG_WARN_NON_LITERAL_NULL_CONVERSION = YES;
				CLANG_WARN_OBJC_IMPLICIT_RETAIN_SELF = YES;
				CLANG_WARN_OBJC_LITERAL_CONVERSION = YES;
				CLANG_WARN_OBJC_ROOT_CLASS = YES_ERROR;
				CLANG_WARN_QUOTED_INCLUDE_IN_FRAMEWORK_HEADER = YES;
				CLANG_WARN_RANGE_LOOP_ANALYSIS = YES;
				CLANG_WARN_STRICT_PROTOTYPES = YES;
				CLANG_WARN_SUSPICIOUS_MOVE = YES;
				CLANG_WARN_UNGUARDED_AVAILABILITY = YES_AGGRESSIVE;
				CLANG_WARN_UNREACHABLE_CODE = YES;
				CLANG_WARN__DUPLICATE_METHOD_MATCH = YES;
				COPY_PHASE_STRIP = NO;
				DEBUG_INFORMATION_FORMAT = dwarf;
				ENABLE_STRICT_OBJC_MSGSEND = YES;
				ENABLE_TESTABILITY = YES;
				ENABLE_USER_SCRIPT_SANDBOXING = YES;
				GCC_C_LANGUAGE_STANDARD = gnu17;
				GCC_DYNAMIC_NO_PIC = NO;
				GCC_NO_COMMON_BLOCKS = YES;
				GCC_OPTIMIZATION_LEVEL = 0;
				GCC_PREPROCESSOR_DEFINITIONS = (
					"DEBUG=1",
					"$(inherited)",
				);
				GCC_WARN_64_TO_32_BIT_CONVERSION = YES;
				GCC_WARN_ABOUT_RETURN_TYPE = YES_ERROR;
				GCC_WARN_UNDECLARED_SELECTOR = YES;
				GCC_WARN_UNINITIALIZED_AUTOS = YES_AGGRESSIVE;
				GCC_WARN_UNUSED_FUNCTION = YES;
				GCC_WARN_UNUSED_VARIABLE = YES;
				IPHONEOS_DEPLOYMENT_TARGET = 17.2;
				LOCALIZATION_PREFERS_STRING_CATALOGS = YES;
				MTL_ENABLE_DEBUG_INFO = INCLUDE_SOURCE;
				MTL_FAST_MATH = YES;
				ONLY_ACTIVE_ARCH = YES;
				SDKROOT = iphoneos;
				SWIFT_ACTIVE_COMPILATION_CONDITIONS = "DEBUG $(inherited)";
				SWIFT_OPTIMIZATION_LEVEL = "-Onone";
			};
			name = Debug;
		};
		E2324E832B7EC0150097FA18 /* Release */ = {
			isa = XCBuildConfiguration;
			buildSettings = {
				ALWAYS_SEARCH_USER_PATHS = NO;
				ASSETCATALOG_COMPILER_GENERATE_SWIFT_ASSET_SYMBOL_EXTENSIONS = YES;
				CLANG_ANALYZER_NONNULL = YES;
				CLANG_ANALYZER_NUMBER_OBJECT_CONVERSION = YES_AGGRESSIVE;
				CLANG_CXX_LANGUAGE_STANDARD = "gnu++20";
				CLANG_ENABLE_MODULES = YES;
				CLANG_ENABLE_OBJC_ARC = YES;
				CLANG_ENABLE_OBJC_WEAK = YES;
				CLANG_WARN_BLOCK_CAPTURE_AUTORELEASING = YES;
				CLANG_WARN_BOOL_CONVERSION = YES;
				CLANG_WARN_COMMA = YES;
				CLANG_WARN_CONSTANT_CONVERSION = YES;
				CLANG_WARN_DEPRECATED_OBJC_IMPLEMENTATIONS = YES;
				CLANG_WARN_DIRECT_OBJC_ISA_USAGE = YES_ERROR;
				CLANG_WARN_DOCUMENTATION_COMMENTS = YES;
				CLANG_WARN_EMPTY_BODY = YES;
				CLANG_WARN_ENUM_CONVERSION = YES;
				CLANG_WARN_INFINITE_RECURSION = YES;
				CLANG_WARN_INT_CONVERSION = YES;
				CLANG_WARN_NON_LITERAL_NULL_CONVERSION = YES;
				CLANG_WARN_OBJC_IMPLICIT_RETAIN_SELF = YES;
				CLANG_WARN_OBJC_LITERAL_CONVERSION = YES;
				CLANG_WARN_OBJC_ROOT_CLASS = YES_ERROR;
				CLANG_WARN_QUOTED_INCLUDE_IN_FRAMEWORK_HEADER = YES;
				CLANG_WARN_RANGE_LOOP_ANALYSIS = YES;
				CLANG_WARN_STRICT_PROTOTYPES = YES;
				CLANG_WARN_SUSPICIOUS_MOVE = YES;
				CLANG_WARN_UNGUARDED_AVAILABILITY = YES_AGGRESSIVE;
				CLANG_WARN_UNREACHABLE_CODE = YES;
				CLANG_WARN__DUPLICATE_METHOD_MATCH = YES;
				COPY_PHASE_STRIP = NO;
				DEBUG_INFORMATION_FORMAT = "dwarf-with-dsym";
				ENABLE_NS_ASSERTIONS = NO;
				ENABLE_STRICT_OBJC_MSGSEND = YES;
				ENABLE_USER_SCRIPT_SANDBOXING = YES;
				GCC_C_LANGUAGE_STANDARD = gnu17;
				GCC_NO_COMMON_BLOCKS = YES;
				GCC_WARN_64_TO_32_BIT_CONVERSION = YES;
				GCC_WARN_ABOUT_RETURN_TYPE = YES_ERROR;
				GCC_WARN_UNDECLARED_SELECTOR = YES;
				GCC_WARN_UNINITIALIZED_AUTOS = YES_AGGRESSIVE;
				GCC_WARN_UNUSED_FUNCTION = YES;
				GCC_WARN_UNUSED_VARIABLE = YES;
				IPHONEOS_DEPLOYMENT_TARGET = 17.2;
				LOCALIZATION_PREFERS_STRING_CATALOGS = YES;
				MTL_ENABLE_DEBUG_INFO = NO;
				MTL_FAST_MATH = YES;
				SDKROOT = iphoneos;
				SWIFT_COMPILATION_MODE = wholemodule;
				VALIDATE_PRODUCT = YES;
			};
			name = Release;
		};
		E2324E852B7EC0150097FA18 /* Debug */ = {
			isa = XCBuildConfiguration;
			buildSettings = {
				ASSETCATALOG_COMPILER_APPICON_NAME = AppIcon;
				ASSETCATALOG_COMPILER_GLOBAL_ACCENT_COLOR_NAME = AccentColor;
				CODE_SIGN_ENTITLEMENTS = iExpense/iExpense.entitlements;
				CODE_SIGN_STYLE = Automatic;
				CURRENT_PROJECT_VERSION = 1;
				DEVELOPMENT_ASSET_PATHS = "\"iExpense/Preview Content\"";
				DEVELOPMENT_TEAM = G9Z59RCX5Z;
				ENABLE_PREVIEWS = YES;
				GENERATE_INFOPLIST_FILE = YES;
				INFOPLIST_KEY_UIApplicationSceneManifest_Generation = YES;
				INFOPLIST_KEY_UIApplicationSupportsIndirectInputEvents = YES;
				INFOPLIST_KEY_UILaunchScreen_Generation = YES;
				INFOPLIST_KEY_UISupportedInterfaceOrientations_iPad = "UIInterfaceOrientationPortrait UIInterfaceOrientationPortraitUpsideDown UIInterfaceOrientationLandscapeLeft UIInterfaceOrientationLandscapeRight";
				INFOPLIST_KEY_UISupportedInterfaceOrientations_iPhone = "UIInterfaceOrientationPortrait UIInterfaceOrientationLandscapeLeft UIInterfaceOrientationLandscapeRight";
				LD_RUNPATH_SEARCH_PATHS = (
					"$(inherited)",
					"@executable_path/Frameworks",
				);
				MARKETING_VERSION = 1.0;
				PRODUCT_BUNDLE_IDENTIFIER = dev.tomreilly.iExpense;
				PRODUCT_NAME = "$(TARGET_NAME)";
				SWIFT_EMIT_LOC_STRINGS = YES;
				SWIFT_VERSION = 5.0;
				TARGETED_DEVICE_FAMILY = "1,2";
			};
			name = Debug;
		};
		E2324E862B7EC0150097FA18 /* Release */ = {
			isa = XCBuildConfiguration;
			buildSettings = {
				ASSETCATALOG_COMPILER_APPICON_NAME = AppIcon;
				ASSETCATALOG_COMPILER_GLOBAL_ACCENT_COLOR_NAME = AccentColor;
				CODE_SIGN_ENTITLEMENTS = iExpense/iExpense.entitlements;
				CODE_SIGN_STYLE = Automatic;
				CURRENT_PROJECT_VERSION = 1;
				DEVELOPMENT_ASSET_PATHS = "\"iExpense/Preview Content\"";
				DEVELOPMENT_TEAM = G9Z59RCX5Z;
				ENABLE_PREVIEWS = YES;
				GENERATE_INFOPLIST_FILE = YES;
				INFOPLIST_KEY_UIApplicationSceneManifest_Generation = YES;
				INFOPLIST_KEY_UIApplicationSupportsIndirectInputEvents = YES;
				INFOPLIST_KEY_UILaunchScreen_Generation = YES;
				INFOPLIST_KEY_UISupportedInterfaceOrientations_iPad = "UIInterfaceOrientationPortrait UIInterfaceOrientationPortraitUpsideDown UIInterfaceOrientationLandscapeLeft UIInterfaceOrientationLandscapeRight";
				INFOPLIST_KEY_UISupportedInterfaceOrientations_iPhone = "UIInterfaceOrientationPortrait UIInterfaceOrientationLandscapeLeft UIInterfaceOrientationLandscapeRight";
				LD_RUNPATH_SEARCH_PATHS = (
					"$(inherited)",
					"@executable_path/Frameworks",
				);
				MARKETING_VERSION = 1.0;
				PRODUCT_BUNDLE_IDENTIFIER = dev.tomreilly.iExpense;
				PRODUCT_NAME = "$(TARGET_NAME)";
				SWIFT_EMIT_LOC_STRINGS = YES;
				SWIFT_VERSION = 5.0;
				TARGETED_DEVICE_FAMILY = "1,2";
			};
			name = Release;
		};
/* End XCBuildConfiguration section */

/* Begin XCConfigurationList section */
		E2324E712B7EC0130097FA18 /* Build configuration list for PBXProject "iExpense" */ = {
			isa = XCConfigurationList;
			buildConfigurations = (
				E2324E822B7EC0150097FA18 /* Debug */,
				E2324E832B7EC0150097FA18 /* Release */,
			);
			defaultConfigurationIsVisible = 0;
			defaultConfigurationName = Release;
		};
		E2324E842B7EC0150097FA18 /* Build configuration list for PBXNativeTarget "iExpense" */ = {
			isa = XCConfigurationList;
			buildConfigurations = (
				E2324E852B7EC0150097FA18 /* Debug */,
				E2324E862B7EC0150097FA18 /* Release */,
			);
			defaultConfigurationIsVisible = 0;
			defaultConfigurationName = Release;
		};
/* End XCConfigurationList section */
	};
	rootObject = E2324E6E2B7EC0130097FA18 /* Project object */;
}
