// !$*UTF8*$!
{
	archiveVersion = 1;
	classes = {
	};
	objectVersion = 56;
	objects = {

/* Begin PBXBuildFile section */
		E2C15A722BB3612B00485633 /* BookwormApp.swift in Sources */ = {isa = PBXBuildFile; fileRef = E2C15A712BB3612B00485633 /* BookwormApp.swift */; };
		E2C15A742BB3612B00485633 /* ContentView.swift in Sources */ = {isa = PBXBuildFile; fileRef = E2C15A732BB3612B00485633 /* ContentView.swift */; };
		E2C15A762BB3612C00485633 /* Assets.xcassets in Resources */ = {isa = PBXBuildFile; fileRef = E2C15A752BB3612C00485633 /* Assets.xcassets */; };
		E2C15A792BB3612C00485633 /* Preview Assets.xcassets in Resources */ = {isa = PBXBuildFile; fileRef = E2C15A782BB3612C00485633 /* Preview Assets.xcassets */; };
		E2C15A802BB463BC00485633 /* Student.swift in Sources */ = {isa = PBXBuildFile; fileRef = E2C15A7F2BB463BC00485633 /* Student.swift */; };
		E2C15A822BB4657800485633 /* PushButton.swift in Sources */ = {isa = PBXBuildFile; fileRef = E2C15A812BB4657800485633 /* PushButton.swift */; };
		E2C15A852BB465DF00485633 /* PracticeView.swift in Sources */ = {isa = PBXBuildFile; fileRef = E2C15A842BB465DF00485633 /* PracticeView.swift */; };
		E2C15A872BB49ED700485633 /* Book.swift in Sources */ = {isa = PBXBuildFile; fileRef = E2C15A862BB49ED700485633 /* Book.swift */; };
		E2C15A892BB49F2F00485633 /* SwiftDataPracticeView.swift in Sources */ = {isa = PBXBuildFile; fileRef = E2C15A882BB49F2F00485633 /* SwiftDataPracticeView.swift */; };
		E2C15A8B2BB49F8F00485633 /* AddBookView.swift in Sources */ = {isa = PBXBuildFile; fileRef = E2C15A8A2BB49F8F00485633 /* AddBookView.swift */; };
		E2C15A8F2BB4A20000485633 /* RatingView.swift in Sources */ = {isa = PBXBuildFile; fileRef = E2C15A8E2BB4A20000485633 /* RatingView.swift */; };
		E2C15A912BB4A50C00485633 /* EmojiRatingView.swift in Sources */ = {isa = PBXBuildFile; fileRef = E2C15A902BB4A50C00485633 /* EmojiRatingView.swift */; };
		E2C15A932BB4BF1A00485633 /* BookDetailView.swift in Sources */ = {isa = PBXBuildFile; fileRef = E2C15A922BB4BF1A00485633 /* BookDetailView.swift */; };
/* End PBXBuildFile section */

/* Begin PBXFileReference section */
		E2C15A6E2BB3612B00485633 /* Bookworm.app */ = {isa = PBXFileReference; explicitFileType = wrapper.application; includeInIndex = 0; path = Bookworm.app; sourceTree = BUILT_PRODUCTS_DIR; };
		E2C15A712BB3612B00485633 /* BookwormApp.swift */ = {isa = PBXFileReference; lastKnownFileType = sourcecode.swift; path = BookwormApp.swift; sourceTree = "<group>"; };
		E2C15A732BB3612B00485633 /* ContentView.swift */ = {isa = PBXFileReference; lastKnownFileType = sourcecode.swift; path = ContentView.swift; sourceTree = "<group>"; };
		E2C15A752BB3612C00485633 /* Assets.xcassets */ = {isa = PBXFileReference; lastKnownFileType = folder.assetcatalog; path = Assets.xcassets; sourceTree = "<group>"; };
		E2C15A782BB3612C00485633 /* Preview Assets.xcassets */ = {isa = PBXFileReference; lastKnownFileType = folder.assetcatalog; path = "Preview Assets.xcassets"; sourceTree = "<group>"; };
		E2C15A7F2BB463BC00485633 /* Student.swift */ = {isa = PBXFileReference; lastKnownFileType = sourcecode.swift; path = Student.swift; sourceTree = "<group>"; };
		E2C15A812BB4657800485633 /* PushButton.swift */ = {isa = PBXFileReference; lastKnownFileType = sourcecode.swift; path = PushButton.swift; sourceTree = "<group>"; };
		E2C15A842BB465DF00485633 /* PracticeView.swift */ = {isa = PBXFileReference; lastKnownFileType = sourcecode.swift; path = PracticeView.swift; sourceTree = "<group>"; };
		E2C15A862BB49ED700485633 /* Book.swift */ = {isa = PBXFileReference; lastKnownFileType = sourcecode.swift; path = Book.swift; sourceTree = "<group>"; };
		E2C15A882BB49F2F00485633 /* SwiftDataPracticeView.swift */ = {isa = PBXFileReference; lastKnownFileType = sourcecode.swift; path = SwiftDataPracticeView.swift; sourceTree = "<group>"; };
		E2C15A8A2BB49F8F00485633 /* AddBookView.swift */ = {isa = PBXFileReference; lastKnownFileType = sourcecode.swift; path = AddBookView.swift; sourceTree = "<group>"; };
		E2C15A8E2BB4A20000485633 /* RatingView.swift */ = {isa = PBXFileReference; lastKnownFileType = sourcecode.swift; path = RatingView.swift; sourceTree = "<group>"; };
		E2C15A902BB4A50C00485633 /* EmojiRatingView.swift */ = {isa = PBXFileReference; lastKnownFileType = sourcecode.swift; path = EmojiRatingView.swift; sourceTree = "<group>"; };
		E2C15A922BB4BF1A00485633 /* BookDetailView.swift */ = {isa = PBXFileReference; lastKnownFileType = sourcecode.swift; path = BookDetailView.swift; sourceTree = "<group>"; };
/* End PBXFileReference section */

/* Begin PBXFrameworksBuildPhase section */
		E2C15A6B2BB3612B00485633 /* Frameworks */ = {
			isa = PBXFrameworksBuildPhase;
			buildActionMask = 2147483647;
			files = (
			);
			runOnlyForDeploymentPostprocessing = 0;
		};
/* End PBXFrameworksBuildPhase section */

/* Begin PBXGroup section */
		E2C15A652BB3612B00485633 = {
			isa = PBXGroup;
			children = (
				E2C15A702BB3612B00485633 /* Bookworm */,
				E2C15A6F2BB3612B00485633 /* Products */,
			);
			sourceTree = "<group>";
		};
		E2C15A6F2BB3612B00485633 /* Products */ = {
			isa = PBXGroup;
			children = (
				E2C15A6E2BB3612B00485633 /* Bookworm.app */,
			);
			name = Products;
			sourceTree = "<group>";
		};
		E2C15A702BB3612B00485633 /* Bookworm */ = {
			isa = PBXGroup;
			children = (
				E2C15A8D2BB4A0A700485633 /* Data */,
				E2C15A8C2BB4A0A300485633 /* Views */,
				E2C15A832BB465B300485633 /* Practice */,
				E2C15A712BB3612B00485633 /* BookwormApp.swift */,
				E2C15A752BB3612C00485633 /* Assets.xcassets */,
				E2C15A772BB3612C00485633 /* Preview Content */,
			);
			path = Bookworm;
			sourceTree = "<group>";
		};
		E2C15A772BB3612C00485633 /* Preview Content */ = {
			isa = PBXGroup;
			children = (
				E2C15A782BB3612C00485633 /* Preview Assets.xcassets */,
			);
			path = "Preview Content";
			sourceTree = "<group>";
		};
		E2C15A832BB465B300485633 /* Practice */ = {
			isa = PBXGroup;
			children = (
				E2C15A7F2BB463BC00485633 /* Student.swift */,
				E2C15A882BB49F2F00485633 /* SwiftDataPracticeView.swift */,
				E2C15A812BB4657800485633 /* PushButton.swift */,
				E2C15A842BB465DF00485633 /* PracticeView.swift */,
			);
			path = Practice;
			sourceTree = "<group>";
		};
		E2C15A8C2BB4A0A300485633 /* Views */ = {
			isa = PBXGroup;
			children = (
				E2C15A732BB3612B00485633 /* ContentView.swift */,
				E2C15A922BB4BF1A00485633 /* BookDetailView.swift */,
				E2C15A902BB4A50C00485633 /* EmojiRatingView.swift */,
				E2C15A8E2BB4A20000485633 /* RatingView.swift */,
				E2C15A8A2BB49F8F00485633 /* AddBookView.swift */,
			);
			path = Views;
			sourceTree = "<group>";
		};
		E2C15A8D2BB4A0A700485633 /* Data */ = {
			isa = PBXGroup;
			children = (
				E2C15A862BB49ED700485633 /* Book.swift */,
			);
			path = Data;
			sourceTree = "<group>";
		};
/* End PBXGroup section */

/* Begin PBXNativeTarget section */
		E2C15A6D2BB3612B00485633 /* Bookworm */ = {
			isa = PBXNativeTarget;
			buildConfigurationList = E2C15A7C2BB3612C00485633 /* Build configuration list for PBXNativeTarget "Bookworm" */;
			buildPhases = (
				E2C15A6A2BB3612B00485633 /* Sources */,
				E2C15A6B2BB3612B00485633 /* Frameworks */,
				E2C15A6C2BB3612B00485633 /* Resources */,
			);
			buildRules = (
			);
			dependencies = (
			);
			name = Bookworm;
			productName = Bookworm;
			productReference = E2C15A6E2BB3612B00485633 /* Bookworm.app */;
			productType = "com.apple.product-type.application";
		};
/* End PBXNativeTarget section */

/* Begin PBXProject section */
		E2C15A662BB3612B00485633 /* Project object */ = {
			isa = PBXProject;
			attributes = {
				BuildIndependentTargetsInParallel = 1;
				LastSwiftUpdateCheck = 1530;
				LastUpgradeCheck = 1530;
				TargetAttributes = {
					E2C15A6D2BB3612B00485633 = {
						CreatedOnToolsVersion = 15.3;
					};
				};
			};
			buildConfigurationList = E2C15A692BB3612B00485633 /* Build configuration list for PBXProject "Bookworm" */;
			compatibilityVersion = "Xcode 14.0";
			developmentRegion = en;
			hasScannedForEncodings = 0;
			knownRegions = (
				en,
				Base,
			);
			mainGroup = E2C15A652BB3612B00485633;
			productRefGroup = E2C15A6F2BB3612B00485633 /* Products */;
			projectDirPath = "";
			projectRoot = "";
			targets = (
				E2C15A6D2BB3612B00485633 /* Bookworm */,
			);
		};
/* End PBXProject section */

/* Begin PBXResourcesBuildPhase section */
		E2C15A6C2BB3612B00485633 /* Resources */ = {
			isa = PBXResourcesBuildPhase;
			buildActionMask = 2147483647;
			files = (
				E2C15A792BB3612C00485633 /* Preview Assets.xcassets in Resources */,
				E2C15A762BB3612C00485633 /* Assets.xcassets in Resources */,
			);
			runOnlyForDeploymentPostprocessing = 0;
		};
/* End PBXResourcesBuildPhase section */

/* Begin PBXSourcesBuildPhase section */
		E2C15A6A2BB3612B00485633 /* Sources */ = {
			isa = PBXSourcesBuildPhase;
			buildActionMask = 2147483647;
			files = (
				E2C15A912BB4A50C00485633 /* EmojiRatingView.swift in Sources */,
				E2C15A742BB3612B00485633 /* ContentView.swift in Sources */,
				E2C15A852BB465DF00485633 /* PracticeView.swift in Sources */,
				E2C15A872BB49ED700485633 /* Book.swift in Sources */,
				E2C15A8F2BB4A20000485633 /* RatingView.swift in Sources */,
				E2C15A8B2BB49F8F00485633 /* AddBookView.swift in Sources */,
				E2C15A802BB463BC00485633 /* Student.swift in Sources */,
				E2C15A722BB3612B00485633 /* BookwormApp.swift in Sources */,
				E2C15A932BB4BF1A00485633 /* BookDetailView.swift in Sources */,
				E2C15A892BB49F2F00485633 /* SwiftDataPracticeView.swift in Sources */,
				E2C15A822BB4657800485633 /* PushButton.swift in Sources */,
			);
			runOnlyForDeploymentPostprocessing = 0;
		};
/* End PBXSourcesBuildPhase section */

/* Begin XCBuildConfiguration section */
		E2C15A7A2BB3612C00485633 /* Debug */ = {
			isa = XCBuildConfiguration;
			buildSettings = {
				ALWAYS_SEARCH_USER_PATHS = NO;
				ASSETCATALOG_COMPILER_GENERATE_SWIFT_ASSET_SYMBOL_EXTENSIONS = YES;
				CLANG_ANALYZER_NONNULL = YES;
				CLANG_ANALYZER_NUMBER_OBJECT_CONVERSION = YES_AGGRESSIVE;
				CLANG_CXX_LANGUAGE_STANDARD = "gnu++20";
				CLANG_ENABLE_MODULES = YES;
				CLANG_ENABLE_OBJC_ARC = YES;
				CLANG_ENABLE_OBJC_WEAK = YES;
				CLANG_WARN_BLOCK_CAPTURE_AUTORELEASING = YES;
				CLANG_WARN_BOOL_CONVERSION = YES;
				CLANG_WARN_COMMA = YES;
				CLANG_WARN_CONSTANT_CONVERSION = YES;
				CLANG_WARN_DEPRECATED_OBJC_IMPLEMENTATIONS = YES;
				CLANG_WARN_DIRECT_OBJC_ISA_USAGE = YES_ERROR;
				CLANG_WARN_DOCUMENTATION_COMMENTS = YES;
				CLANG_WARN_EMPTY_BODY = YES;
				CLANG_WARN_ENUM_CONVERSION = YES;
				CLANG_WARN_INFINITE_RECURSION = YES;
				CLANG_WARN_INT_CONVERSION = YES;
				CLANG_WARN_NON_LITERAL_NULL_CONVERSION = YES;
				CLANG_WARN_OBJC_IMPLICIT_RETAIN_SELF = YES;
				CLANG_WARN_OBJC_LITERAL_CONVERSION = YES;
				CLANG_WARN_OBJC_ROOT_CLASS = YES_ERROR;
				CLANG_WARN_QUOTED_INCLUDE_IN_FRAMEWORK_HEADER = YES;
				CLANG_WARN_RANGE_LOOP_ANALYSIS = YES;
				CLANG_WARN_STRICT_PROTOTYPES = YES;
				CLANG_WARN_SUSPICIOUS_MOVE = YES;
				CLANG_WARN_UNGUARDED_AVAILABILITY = YES_AGGRESSIVE;
				CLANG_WARN_UNREACHABLE_CODE = YES;
				CLANG_WARN__DUPLICATE_METHOD_MATCH = YES;
				COPY_PHASE_STRIP = NO;
				DEBUG_INFORMATION_FORMAT = dwarf;
				ENABLE_STRICT_OBJC_MSGSEND = YES;
				ENABLE_TESTABILITY = YES;
				ENABLE_USER_SCRIPT_SANDBOXING = YES;
				GCC_C_LANGUAGE_STANDARD = gnu17;
				GCC_DYNAMIC_NO_PIC = NO;
				GCC_NO_COMMON_BLOCKS = YES;
				GCC_OPTIMIZATION_LEVEL = 0;
				GCC_PREPROCESSOR_DEFINITIONS = (
					"DEBUG=1",
					"$(inherited)",
				);
				GCC_WARN_64_TO_32_BIT_CONVERSION = YES;
				GCC_WARN_ABOUT_RETURN_TYPE = YES_ERROR;
				GCC_WARN_UNDECLARED_SELECTOR = YES;
				GCC_WARN_UNINITIALIZED_AUTOS = YES_AGGRESSIVE;
				GCC_WARN_UNUSED_FUNCTION = YES;
				GCC_WARN_UNUSED_VARIABLE = YES;
				IPHONEOS_DEPLOYMENT_TARGET = 17.4;
				LOCALIZATION_PREFERS_STRING_CATALOGS = YES;
				MTL_ENABLE_DEBUG_INFO = INCLUDE_SOURCE;
				MTL_FAST_MATH = YES;
				ONLY_ACTIVE_ARCH = YES;
				SDKROOT = iphoneos;
				SWIFT_ACTIVE_COMPILATION_CONDITIONS = "DEBUG $(inherited)";
				SWIFT_OPTIMIZATION_LEVEL = "-Onone";
			};
			name = Debug;
		};
		E2C15A7B2BB3612C00485633 /* Release */ = {
			isa = XCBuildConfiguration;
			buildSettings = {
				ALWAYS_SEARCH_USER_PATHS = NO;
				ASSETCATALOG_COMPILER_GENERATE_SWIFT_ASSET_SYMBOL_EXTENSIONS = YES;
				CLANG_ANALYZER_NONNULL = YES;
				CLANG_ANALYZER_NUMBER_OBJECT_CONVERSION = YES_AGGRESSIVE;
				CLANG_CXX_LANGUAGE_STANDARD = "gnu++20";
				CLANG_ENABLE_MODULES = YES;
				CLANG_ENABLE_OBJC_ARC = YES;
				CLANG_ENABLE_OBJC_WEAK = YES;
				CLANG_WARN_BLOCK_CAPTURE_AUTORELEASING = YES;
				CLANG_WARN_BOOL_CONVERSION = YES;
				CLANG_WARN_COMMA = YES;
				CLANG_WARN_CONSTANT_CONVERSION = YES;
				CLANG_WARN_DEPRECATED_OBJC_IMPLEMENTATIONS = YES;
				CLANG_WARN_DIRECT_OBJC_ISA_USAGE = YES_ERROR;
				CLANG_WARN_DOCUMENTATION_COMMENTS = YES;
				CLANG_WARN_EMPTY_BODY = YES;
				CLANG_WARN_ENUM_CONVERSION = YES;
				CLANG_WARN_INFINITE_RECURSION = YES;
				CLANG_WARN_INT_CONVERSION = YES;
				CLANG_WARN_NON_LITERAL_NULL_CONVERSION = YES;
				CLANG_WARN_OBJC_IMPLICIT_RETAIN_SELF = YES;
				CLANG_WARN_OBJC_LITERAL_CONVERSION = YES;
				CLANG_WARN_OBJC_ROOT_CLASS = YES_ERROR;
				CLANG_WARN_QUOTED_INCLUDE_IN_FRAMEWORK_HEADER = YES;
				CLANG_WARN_RANGE_LOOP_ANALYSIS = YES;
				CLANG_WARN_STRICT_PROTOTYPES = YES;
				CLANG_WARN_SUSPICIOUS_MOVE = YES;
				CLANG_WARN_UNGUARDED_AVAILABILITY = YES_AGGRESSIVE;
				CLANG_WARN_UNREACHABLE_CODE = YES;
				CLANG_WARN__DUPLICATE_METHOD_MATCH = YES;
				COPY_PHASE_STRIP = NO;
				DEBUG_INFORMATION_FORMAT = "dwarf-with-dsym";
				ENABLE_NS_ASSERTIONS = NO;
				ENABLE_STRICT_OBJC_MSGSEND = YES;
				ENABLE_USER_SCRIPT_SANDBOXING = YES;
				GCC_C_LANGUAGE_STANDARD = gnu17;
				GCC_NO_COMMON_BLOCKS = YES;
				GCC_WARN_64_TO_32_BIT_CONVERSION = YES;
				GCC_WARN_ABOUT_RETURN_TYPE = YES_ERROR;
				GCC_WARN_UNDECLARED_SELECTOR = YES;
				GCC_WARN_UNINITIALIZED_AUTOS = YES_AGGRESSIVE;
				GCC_WARN_UNUSED_FUNCTION = YES;
				GCC_WARN_UNUSED_VARIABLE = YES;
				IPHONEOS_DEPLOYMENT_TARGET = 17.4;
				LOCALIZATION_PREFERS_STRING_CATALOGS = YES;
				MTL_ENABLE_DEBUG_INFO = NO;
				MTL_FAST_MATH = YES;
				SDKROOT = iphoneos;
				SWIFT_COMPILATION_MODE = wholemodule;
				VALIDATE_PRODUCT = YES;
			};
			name = Release;
		};
		E2C15A7D2BB3612C00485633 /* Debug */ = {
			isa = XCBuildConfiguration;
			buildSettings = {
				ASSETCATALOG_COMPILER_APPICON_NAME = AppIcon;
				ASSETCATALOG_COMPILER_GLOBAL_ACCENT_COLOR_NAME = AccentColor;
				CODE_SIGN_STYLE = Automatic;
				CURRENT_PROJECT_VERSION = 1;
				DEVELOPMENT_ASSET_PATHS = "\"Bookworm/Preview Content\"";
				DEVELOPMENT_TEAM = G9Z59RCX5Z;
				ENABLE_PREVIEWS = YES;
				GENERATE_INFOPLIST_FILE = YES;
				INFOPLIST_KEY_UIApplicationSceneManifest_Generation = YES;
				INFOPLIST_KEY_UIApplicationSupportsIndirectInputEvents = YES;
				INFOPLIST_KEY_UILaunchScreen_Generation = YES;
				INFOPLIST_KEY_UISupportedInterfaceOrientations_iPad = "UIInterfaceOrientationPortrait UIInterfaceOrientationPortraitUpsideDown UIInterfaceOrientationLandscapeLeft UIInterfaceOrientationLandscapeRight";
				INFOPLIST_KEY_UISupportedInterfaceOrientations_iPhone = "UIInterfaceOrientationPortrait UIInterfaceOrientationLandscapeLeft UIInterfaceOrientationLandscapeRight";
				LD_RUNPATH_SEARCH_PATHS = (
					"$(inherited)",
					"@executable_path/Frameworks",
				);
				MARKETING_VERSION = 1.0;
				PRODUCT_BUNDLE_IDENTIFIER = dev.tomreilly.Bookworm;
				PRODUCT_NAME = "$(TARGET_NAME)";
				SWIFT_EMIT_LOC_STRINGS = YES;
				SWIFT_VERSION = 5.0;
				TARGETED_DEVICE_FAMILY = "1,2";
			};
			name = Debug;
		};
		E2C15A7E2BB3612C00485633 /* Release */ = {
			isa = XCBuildConfiguration;
			buildSettings = {
				ASSETCATALOG_COMPILER_APPICON_NAME = AppIcon;
				ASSETCATALOG_COMPILER_GLOBAL_ACCENT_COLOR_NAME = AccentColor;
				CODE_SIGN_STYLE = Automatic;
				CURRENT_PROJECT_VERSION = 1;
				DEVELOPMENT_ASSET_PATHS = "\"Bookworm/Preview Content\"";
				DEVELOPMENT_TEAM = G9Z59RCX5Z;
				ENABLE_PREVIEWS = YES;
				GENERATE_INFOPLIST_FILE = YES;
				INFOPLIST_KEY_UIApplicationSceneManifest_Generation = YES;
				INFOPLIST_KEY_UIApplicationSupportsIndirectInputEvents = YES;
				INFOPLIST_KEY_UILaunchScreen_Generation = YES;
				INFOPLIST_KEY_UISupportedInterfaceOrientations_iPad = "UIInterfaceOrientationPortrait UIInterfaceOrientationPortraitUpsideDown UIInterfaceOrientationLandscapeLeft UIInterfaceOrientationLandscapeRight";
				INFOPLIST_KEY_UISupportedInterfaceOrientations_iPhone = "UIInterfaceOrientationPortrait UIInterfaceOrientationLandscapeLeft UIInterfaceOrientationLandscapeRight";
				LD_RUNPATH_SEARCH_PATHS = (
					"$(inherited)",
					"@executable_path/Frameworks",
				);
				MARKETING_VERSION = 1.0;
				PRODUCT_BUNDLE_IDENTIFIER = dev.tomreilly.Bookworm;
				PRODUCT_NAME = "$(TARGET_NAME)";
				SWIFT_EMIT_LOC_STRINGS = YES;
				SWIFT_VERSION = 5.0;
				TARGETED_DEVICE_FAMILY = "1,2";
			};
			name = Release;
		};
/* End XCBuildConfiguration section */

/* Begin XCConfigurationList section */
		E2C15A692BB3612B00485633 /* Build configuration list for PBXProject "Bookworm" */ = {
			isa = XCConfigurationList;
			buildConfigurations = (
				E2C15A7A2BB3612C00485633 /* Debug */,
				E2C15A7B2BB3612C00485633 /* Release */,
			);
			defaultConfigurationIsVisible = 0;
			defaultConfigurationName = Release;
		};
		E2C15A7C2BB3612C00485633 /* Build configuration list for PBXNativeTarget "Bookworm" */ = {
			isa = XCConfigurationList;
			buildConfigurations = (
				E2C15A7D2BB3612C00485633 /* Debug */,
				E2C15A7E2BB3612C00485633 /* Release */,
			);
			defaultConfigurationIsVisible = 0;
			defaultConfigurationName = Release;
		};
/* End XCConfigurationList section */
	};
	rootObject = E2C15A662BB3612B00485633 /* Project object */;
}
